Microsoft Visual Studio Solution File, Format Version 12.00
# Visual Studio Version 17
VisualStudioVersion = 17.0.31903.59
MinimumVisualStudioVersion = 10.0.40219.1
Project("{FAE04EC0-301F-11D3-BF4B-00C04F79EFBC}") = "RunDynamoGraph", "mcp_tools\\RunDynamoGraph\\RunDynamoGraph.csproj", "{A5A245A7-3E3B-4E4A-B2A4-3B9B2B7B2B1B}"
EndProject
Project("{FAE04EC0-301F-11D3-BF4B-00C04F79EFBC}") = "ExecuteDynamoCommands", "mcp_tools\\ExecuteDynamoCommands\\ExecuteDynamoCommands.csproj", "{B6B356B8-4F4C-5F5B-C3B5-4C9C3C8C3C2C}"
EndProject
Project("{FAE04EC0-301F-11D3-BF4B-00C04F79EFBC}") = "ConvertDynamoFile", "mcp_tools\\ConvertDynamoFile\\ConvertDynamoFile.csproj", "{C7C467C9-5D5D-6E6E-D4D6-5D0D4D9D4D3D}"
EndProject
Global
	GlobalSection(SolutionConfigurationPlatforms) = preSolution
		Debug|Any CPU = Debug|Any CPU
		Release|Any CPU = Release|Any CPU
	EndGlobalSection
	GlobalSection(ProjectConfigurationPlatforms) = postSolution
		{A5A245A7-3E3B-4E4A-B2A4-3B9B2B7B2B1B}.Debug|Any CPU.ActiveCfg = Debug|Any CPU
		{A5A245A7-3E3B-4E4A-B2A4-3B9B2B7B2B1B}.Debug|Any CPU.Build.0 = Debug|Any CPU
		{A5A245A7-3E3B-4E4A-B2A4-3B9B2B7B2B1B}.Release|Any CPU.ActiveCfg = Release|Any CPU
		{A5A245A7-3E3B-4E4A-B2A4-3B9B2B7B2B1B}.Release|Any CPU.Build.0 = Release|Any CPU
		{B6B356B8-4F4C-5F5B-C3B5-4C9C3C8C3C2C}.Debug|Any CPU.ActiveCfg = Debug|Any CPU
		{B6B356B8-4F4C-5F5B-C3B5-4C9C3C8C3C2C}.Debug|Any CPU.Build.0 = Debug|Any CPU
		{B6B356B8-4F4C-5F5B-C3B5-4C9C3C8C3C2C}.Release|Any CPU.ActiveCfg = Release|Any CPU
		{B6B356B8-4F4C-5F5B-C3B5-4C9C3C8C3C2C}.Release|Any CPU.Build.0 = Release|Any CPU
		{C7C467C9-5D5D-6E6E-D4D6-5D0D4D9D4D3D}.Debug|Any CPU.ActiveCfg = Debug|Any CPU
		{C7C467C9-5D5D-6E6E-D4D6-5D0D4D9D4D3D}.Debug|Any CPU.Build.0 = Debug|Any CPU
		{C7C467C9-5D5D-6E6E-D4D6-5D0D4D9D4D3D}.Release|Any CPU.ActiveCfg = Release|Any CPU
		{C7C467C9-5D5D-6E6E-D4D6-5D0D4D9D4D3D}.Release|Any CPU.Build.0 = Release|Any CPU
	EndGlobalSection
	GlobalSection(SolutionProperties) = preSolution
		HideSolutionNode = FALSE
	EndGlobalSection
EndGlobal 